
Microsoft Visual Studio Solution File, Format Version 12.00
# Visual Studio 15
VisualStudioVersion = 15.0.28307.902
MinimumVisualStudioVersion = 10.0.40219.1
Project("{FAE04EC0-301F-11D3-BF4B-00C04F79EFBC}") = "AppSiscoman.Android", "AppSiscoman\AppSiscoman.Android\AppSiscoman.Android.csproj", "{0E28451F-B66D-4CF3-ACCC-C1DA6064A674}"
EndProject
Project("{FAE04EC0-301F-11D3-BF4B-00C04F79EFBC}") = "AppSiscoman.iOS", "AppSiscoman\AppSiscoman.iOS\AppSiscoman.iOS.csproj", "{A1EE1EC0-F703-4B6F-B149-D5447B093B65}"
EndProject
Project("{FAE04EC0-301F-11D3-BF4B-00C04F79EFBC}") = "AppSiscoman.UWP", "AppSiscoman\AppSiscoman.UWP\AppSiscoman.UWP.csproj", "{188F8EE7-1100-4374-886E-0F6DB0526F24}"
EndProject
Project("{FAE04EC0-301F-11D3-BF4B-00C04F79EFBC}") = "AppSiscoman", "AppSiscoman\AppSiscoman\AppSiscoman.csproj", "{32E6D344-FCB1-440C-A822-D787A83A41B7}"
EndProject
Global
	GlobalSection(SolutionConfigurationPlatforms) = preSolution
		Ad-Hoc|Any CPU = Ad-Hoc|Any CPU
		Ad-Hoc|ARM = Ad-Hoc|ARM
		Ad-Hoc|iPhone = Ad-Hoc|iPhone
		Ad-Hoc|iPhoneSimulator = Ad-Hoc|iPhoneSimulator
		Ad-Hoc|x64 = Ad-Hoc|x64
		Ad-Hoc|x86 = Ad-Hoc|x86
		AppStore|Any CPU = AppStore|Any CPU
		AppStore|ARM = AppStore|ARM
		AppStore|iPhone = AppStore|iPhone
		AppStore|iPhoneSimulator = AppStore|iPhoneSimulator
		AppStore|x64 = AppStore|x64
		AppStore|x86 = AppStore|x86
		Debug|Any CPU = Debug|Any CPU
		Debug|ARM = Debug|ARM
		Debug|iPhone = Debug|iPhone
		Debug|iPhoneSimulator = Debug|iPhoneSimulator
		Debug|x64 = Debug|x64
		Debug|x86 = Debug|x86
		Release|Any CPU = Release|Any CPU
		Release|ARM = Release|ARM
		Release|iPhone = Release|iPhone
		Release|iPhoneSimulator = Release|iPhoneSimulator
		Release|x64 = Release|x64
		Release|x86 = Release|x86
	EndGlobalSection
	GlobalSection(ProjectConfigurationPlatforms) = postSolution
		{0E28451F-B66D-4CF3-ACCC-C1DA6064A674}.Ad-Hoc|Any CPU.ActiveCfg = Release|Any CPU
		{0E28451F-B66D-4CF3-ACCC-C1DA6064A674}.Ad-Hoc|Any CPU.Build.0 = Release|Any CPU
		{0E28451F-B66D-4CF3-ACCC-C1DA6064A674}.Ad-Hoc|Any CPU.Deploy.0 = Release|Any CPU
		{0E28451F-B66D-4CF3-ACCC-C1DA6064A674}.Ad-Hoc|ARM.ActiveCfg = Release|Any CPU
		{0E28451F-B66D-4CF3-ACCC-C1DA6064A674}.Ad-Hoc|ARM.Build.0 = Release|Any CPU
		{0E28451F-B66D-4CF3-ACCC-C1DA6064A674}.Ad-Hoc|ARM.Deploy.0 = Release|Any CPU
		{0E28451F-B66D-4CF3-ACCC-C1DA6064A674}.Ad-Hoc|iPhone.ActiveCfg = Release|Any CPU
		{0E28451F-B66D-4CF3-ACCC-C1DA6064A674}.Ad-Hoc|iPhone.Build.0 = Release|Any CPU
		{0E28451F-B66D-4CF3-ACCC-C1DA6064A674}.Ad-Hoc|iPhone.Deploy.0 = Release|Any CPU
		{0E28451F-B66D-4CF3-ACCC-C1DA6064A674}.Ad-Hoc|iPhoneSimulator.ActiveCfg = Release|Any CPU
		{0E28451F-B66D-4CF3-ACCC-C1DA6064A674}.Ad-Hoc|iPhoneSimulator.Build.0 = Release|Any CPU
		{0E28451F-B66D-4CF3-ACCC-C1DA6064A674}.Ad-Hoc|iPhoneSimulator.Deploy.0 = Release|Any CPU
		{0E28451F-B66D-4CF3-ACCC-C1DA6064A674}.Ad-Hoc|x64.ActiveCfg = Release|Any CPU
		{0E28451F-B66D-4CF3-ACCC-C1DA6064A674}.Ad-Hoc|x64.Build.0 = Release|Any CPU
		{0E28451F-B66D-4CF3-ACCC-C1DA6064A674}.Ad-Hoc|x64.Deploy.0 = Release|Any CPU
		{0E28451F-B66D-4CF3-ACCC-C1DA6064A674}.Ad-Hoc|x86.ActiveCfg = Release|Any CPU
		{0E28451F-B66D-4CF3-ACCC-C1DA6064A674}.Ad-Hoc|x86.Build.0 = Release|Any CPU
		{0E28451F-B66D-4CF3-ACCC-C1DA6064A674}.Ad-Hoc|x86.Deploy.0 = Release|Any CPU
		{0E28451F-B66D-4CF3-ACCC-C1DA6064A674}.AppStore|Any CPU.ActiveCfg = Release|Any CPU
		{0E28451F-B66D-4CF3-ACCC-C1DA6064A674}.AppStore|Any CPU.Build.0 = Release|Any CPU
		{0E28451F-B66D-4CF3-ACCC-C1DA6064A674}.AppStore|Any CPU.Deploy.0 = Release|Any CPU
		{0E28451F-B66D-4CF3-ACCC-C1DA6064A674}.AppStore|ARM.ActiveCfg = Release|Any CPU
		{0E28451F-B66D-4CF3-ACCC-C1DA6064A674}.AppStore|ARM.Build.0 = Release|Any CPU
		{0E28451F-B66D-4CF3-ACCC-C1DA6064A674}.AppStore|ARM.Deploy.0 = Release|Any CPU
		{0E28451F-B66D-4CF3-ACCC-C1DA6064A674}.AppStore|iPhone.ActiveCfg = Release|Any CPU
		{0E28451F-B66D-4CF3-ACCC-C1DA6064A674}.AppStore|iPhone.Build.0 = Release|Any CPU
		{0E28451F-B66D-4CF3-ACCC-C1DA6064A674}.AppStore|iPhone.Deploy.0 = Release|Any CPU
		{0E28451F-B66D-4CF3-ACCC-C1DA6064A674}.AppStore|iPhoneSimulator.ActiveCfg = Release|Any CPU
		{0E28451F-B66D-4CF3-ACCC-C1DA6064A674}.AppStore|iPhoneSimulator.Build.0 = Release|Any CPU
		{0E28451F-B66D-4CF3-ACCC-C1DA6064A674}.AppStore|iPhoneSimulator.Deploy.0 = Release|Any CPU
		{0E28451F-B66D-4CF3-ACCC-C1DA6064A674}.AppStore|x64.ActiveCfg = Release|Any CPU
		{0E28451F-B66D-4CF3-ACCC-C1DA6064A674}.AppStore|x64.Build.0 = Release|Any CPU
		{0E28451F-B66D-4CF3-ACCC-C1DA6064A674}.AppStore|x64.Deploy.0 = Release|Any CPU
		{0E28451F-B66D-4CF3-ACCC-C1DA6064A674}.AppStore|x86.ActiveCfg = Release|Any CPU
		{0E28451F-B66D-4CF3-ACCC-C1DA6064A674}.AppStore|x86.Build.0 = Release|Any CPU
		{0E28451F-B66D-4CF3-ACCC-C1DA6064A674}.AppStore|x86.Deploy.0 = Release|Any CPU
		{0E28451F-B66D-4CF3-ACCC-C1DA6064A674}.Debug|Any CPU.ActiveCfg = Debug|Any CPU
		{0E28451F-B66D-4CF3-ACCC-C1DA6064A674}.Debug|Any CPU.Build.0 = Debug|Any CPU
		{0E28451F-B66D-4CF3-ACCC-C1DA6064A674}.Debug|Any CPU.Deploy.0 = Debug|Any CPU
		{0E28451F-B66D-4CF3-ACCC-C1DA6064A674}.Debug|ARM.ActiveCfg = Debug|Any CPU
		{0E28451F-B66D-4CF3-ACCC-C1DA6064A674}.Debug|ARM.Build.0 = Debug|Any CPU
		{0E28451F-B66D-4CF3-ACCC-C1DA6064A674}.Debug|ARM.Deploy.0 = Debug|Any CPU
		{0E28451F-B66D-4CF3-ACCC-C1DA6064A674}.Debug|iPhone.ActiveCfg = Debug|Any CPU
		{0E28451F-B66D-4CF3-ACCC-C1DA6064A674}.Debug|iPhone.Build.0 = Debug|Any CPU
		{0E28451F-B66D-4CF3-ACCC-C1DA6064A674}.Debug|iPhone.Deploy.0 = Debug|Any CPU
		{0E28451F-B66D-4CF3-ACCC-C1DA6064A674}.Debug|iPhoneSimulator.ActiveCfg = Debug|Any CPU
		{0E28451F-B66D-4CF3-ACCC-C1DA6064A674}.Debug|iPhoneSimulator.Build.0 = Debug|Any CPU
		{0E28451F-B66D-4CF3-ACCC-C1DA6064A674}.Debug|iPhoneSimulator.Deploy.0 = Debug|Any CPU
		{0E28451F-B66D-4CF3-ACCC-C1DA6064A674}.Debug|x64.ActiveCfg = Debug|Any CPU
		{0E28451F-B66D-4CF3-ACCC-C1DA6064A674}.Debug|x64.Build.0 = Debug|Any CPU
		{0E28451F-B66D-4CF3-ACCC-C1DA6064A674}.Debug|x64.Deploy.0 = Debug|Any CPU
		{0E28451F-B66D-4CF3-ACCC-C1DA6064A674}.Debug|x86.ActiveCfg = Debug|Any CPU
		{0E28451F-B66D-4CF3-ACCC-C1DA6064A674}.Debug|x86.Build.0 = Debug|Any CPU
		{0E28451F-B66D-4CF3-ACCC-C1DA6064A674}.Debug|x86.Deploy.0 = Debug|Any CPU
		{0E28451F-B66D-4CF3-ACCC-C1DA6064A674}.Release|Any CPU.ActiveCfg = Release|Any CPU
		{0E28451F-B66D-4CF3-ACCC-C1DA6064A674}.Release|Any CPU.Build.0 = Release|Any CPU
		{0E28451F-B66D-4CF3-ACCC-C1DA6064A674}.Release|Any CPU.Deploy.0 = Release|Any CPU
		{0E28451F-B66D-4CF3-ACCC-C1DA6064A674}.Release|ARM.ActiveCfg = Release|Any CPU
		{0E28451F-B66D-4CF3-ACCC-C1DA6064A674}.Release|ARM.Build.0 = Release|Any CPU
		{0E28451F-B66D-4CF3-ACCC-C1DA6064A674}.Release|ARM.Deploy.0 = Release|Any CPU
		{0E28451F-B66D-4CF3-ACCC-C1DA6064A674}.Release|iPhone.ActiveCfg = Release|Any CPU
		{0E28451F-B66D-4CF3-ACCC-C1DA6064A674}.Release|iPhone.Build.0 = Release|Any CPU
		{0E28451F-B66D-4CF3-ACCC-C1DA6064A674}.Release|iPhone.Deploy.0 = Release|Any CPU
		{0E28451F-B66D-4CF3-ACCC-C1DA6064A674}.Release|iPhoneSimulator.ActiveCfg = Release|Any CPU
		{0E28451F-B66D-4CF3-ACCC-C1DA6064A674}.Release|iPhoneSimulator.Build.0 = Release|Any CPU
		{0E28451F-B66D-4CF3-ACCC-C1DA6064A674}.Release|iPhoneSimulator.Deploy.0 = Release|Any CPU
		{0E28451F-B66D-4CF3-ACCC-C1DA6064A674}.Release|x64.ActiveCfg = Release|Any CPU
		{0E28451F-B66D-4CF3-ACCC-C1DA6064A674}.Release|x64.Build.0 = Release|Any CPU
		{0E28451F-B66D-4CF3-ACCC-C1DA6064A674}.Release|x64.Deploy.0 = Release|Any CPU
		{0E28451F-B66D-4CF3-ACCC-C1DA6064A674}.Release|x86.ActiveCfg = Release|Any CPU
		{0E28451F-B66D-4CF3-ACCC-C1DA6064A674}.Release|x86.Build.0 = Release|Any CPU
		{0E28451F-B66D-4CF3-ACCC-C1DA6064A674}.Release|x86.Deploy.0 = Release|Any CPU
		{A1EE1EC0-F703-4B6F-B149-D5447B093B65}.Ad-Hoc|Any CPU.ActiveCfg = Ad-Hoc|iPhone
		{A1EE1EC0-F703-4B6F-B149-D5447B093B65}.Ad-Hoc|Any CPU.Build.0 = Ad-Hoc|iPhone
		{A1EE1EC0-F703-4B6F-B149-D5447B093B65}.Ad-Hoc|Any CPU.Deploy.0 = Ad-Hoc|iPhone
		{A1EE1EC0-F703-4B6F-B149-D5447B093B65}.Ad-Hoc|ARM.ActiveCfg = Ad-Hoc|iPhone
		{A1EE1EC0-F703-4B6F-B149-D5447B093B65}.Ad-Hoc|ARM.Build.0 = Ad-Hoc|iPhone
		{A1EE1EC0-F703-4B6F-B149-D5447B093B65}.Ad-Hoc|ARM.Deploy.0 = Ad-Hoc|iPhone
		{A1EE1EC0-F703-4B6F-B149-D5447B093B65}.Ad-Hoc|iPhone.ActiveCfg = Ad-Hoc|iPhone
		{A1EE1EC0-F703-4B6F-B149-D5447B093B65}.Ad-Hoc|iPhone.Build.0 = Ad-Hoc|iPhone
		{A1EE1EC0-F703-4B6F-B149-D5447B093B65}.Ad-Hoc|iPhone.Deploy.0 = Ad-Hoc|iPhone
		{A1EE1EC0-F703-4B6F-B149-D5447B093B65}.Ad-Hoc|iPhoneSimulator.ActiveCfg = Ad-Hoc|iPhoneSimulator
		{A1EE1EC0-F703-4B6F-B149-D5447B093B65}.Ad-Hoc|iPhoneSimulator.Build.0 = Ad-Hoc|iPhoneSimulator
		{A1EE1EC0-F703-4B6F-B149-D5447B093B65}.Ad-Hoc|iPhoneSimulator.Deploy.0 = Ad-Hoc|iPhoneSimulator
		{A1EE1EC0-F703-4B6F-B149-D5447B093B65}.Ad-Hoc|x64.ActiveCfg = Ad-Hoc|iPhone
		{A1EE1EC0-F703-4B6F-B149-D5447B093B65}.Ad-Hoc|x64.Build.0 = Ad-Hoc|iPhone
		{A1EE1EC0-F703-4B6F-B149-D5447B093B65}.Ad-Hoc|x64.Deploy.0 = Ad-Hoc|iPhone
		{A1EE1EC0-F703-4B6F-B149-D5447B093B65}.Ad-Hoc|x86.ActiveCfg = Ad-Hoc|iPhone
		{A1EE1EC0-F703-4B6F-B149-D5447B093B65}.Ad-Hoc|x86.Build.0 = Ad-Hoc|iPhone
		{A1EE1EC0-F703-4B6F-B149-D5447B093B65}.Ad-Hoc|x86.Deploy.0 = Ad-Hoc|iPhone
		{A1EE1EC0-F703-4B6F-B149-D5447B093B65}.AppStore|Any CPU.ActiveCfg = AppStore|iPhone
		{A1EE1EC0-F703-4B6F-B149-D5447B093B65}.AppStore|Any CPU.Build.0 = AppStore|iPhone
		{A1EE1EC0-F703-4B6F-B149-D5447B093B65}.AppStore|Any CPU.Deploy.0 = AppStore|iPhone
		{A1EE1EC0-F703-4B6F-B149-D5447B093B65}.AppStore|ARM.ActiveCfg = AppStore|iPhone
		{A1EE1EC0-F703-4B6F-B149-D5447B093B65}.AppStore|ARM.Build.0 = AppStore|iPhone
		{A1EE1EC0-F703-4B6F-B149-D5447B093B65}.AppStore|ARM.Deploy.0 = AppStore|iPhone
		{A1EE1EC0-F703-4B6F-B149-D5447B093B65}.AppStore|iPhone.ActiveCfg = AppStore|iPhone
		{A1EE1EC0-F703-4B6F-B149-D5447B093B65}.AppStore|iPhone.Build.0 = AppStore|iPhone
		{A1EE1EC0-F703-4B6F-B149-D5447B093B65}.AppStore|iPhone.Deploy.0 = AppStore|iPhone
		{A1EE1EC0-F703-4B6F-B149-D5447B093B65}.AppStore|iPhoneSimulator.ActiveCfg = AppStore|iPhoneSimulator
		{A1EE1EC0-F703-4B6F-B149-D5447B093B65}.AppStore|iPhoneSimulator.Build.0 = AppStore|iPhoneSimulator
		{A1EE1EC0-F703-4B6F-B149-D5447B093B65}.AppStore|iPhoneSimulator.Deploy.0 = AppStore|iPhoneSimulator
		{A1EE1EC0-F703-4B6F-B149-D5447B093B65}.AppStore|x64.ActiveCfg = AppStore|iPhone
		{A1EE1EC0-F703-4B6F-B149-D5447B093B65}.AppStore|x64.Build.0 = AppStore|iPhone
		{A1EE1EC0-F703-4B6F-B149-D5447B093B65}.AppStore|x64.Deploy.0 = AppStore|iPhone
		{A1EE1EC0-F703-4B6F-B149-D5447B093B65}.AppStore|x86.ActiveCfg = AppStore|iPhone
		{A1EE1EC0-F703-4B6F-B149-D5447B093B65}.AppStore|x86.Build.0 = AppStore|iPhone
		{A1EE1EC0-F703-4B6F-B149-D5447B093B65}.AppStore|x86.Deploy.0 = AppStore|iPhone
		{A1EE1EC0-F703-4B6F-B149-D5447B093B65}.Debug|Any CPU.ActiveCfg = Debug|iPhoneSimulator
		{A1EE1EC0-F703-4B6F-B149-D5447B093B65}.Debug|Any CPU.Build.0 = Debug|iPhoneSimulator
		{A1EE1EC0-F703-4B6F-B149-D5447B093B65}.Debug|Any CPU.Deploy.0 = Debug|iPhoneSimulator
		{A1EE1EC0-F703-4B6F-B149-D5447B093B65}.Debug|ARM.ActiveCfg = Debug|iPhone
		{A1EE1EC0-F703-4B6F-B149-D5447B093B65}.Debug|ARM.Build.0 = Debug|iPhone
		{A1EE1EC0-F703-4B6F-B149-D5447B093B65}.Debug|ARM.Deploy.0 = Debug|iPhone
		{A1EE1EC0-F703-4B6F-B149-D5447B093B65}.Debug|iPhone.ActiveCfg = Debug|iPhone
		{A1EE1EC0-F703-4B6F-B149-D5447B093B65}.Debug|iPhone.Build.0 = Debug|iPhone
		{A1EE1EC0-F703-4B6F-B149-D5447B093B65}.Debug|iPhone.Deploy.0 = Debug|iPhone
		{A1EE1EC0-F703-4B6F-B149-D5447B093B65}.Debug|iPhoneSimulator.ActiveCfg = Debug|iPhoneSimulator
		{A1EE1EC0-F703-4B6F-B149-D5447B093B65}.Debug|iPhoneSimulator.Build.0 = Debug|iPhoneSimulator
		{A1EE1EC0-F703-4B6F-B149-D5447B093B65}.Debug|iPhoneSimulator.Deploy.0 = Debug|iPhoneSimulator
		{A1EE1EC0-F703-4B6F-B149-D5447B093B65}.Debug|x64.ActiveCfg = Debug|iPhone
		{A1EE1EC0-F703-4B6F-B149-D5447B093B65}.Debug|x64.Build.0 = Debug|iPhone
		{A1EE1EC0-F703-4B6F-B149-D5447B093B65}.Debug|x64.Deploy.0 = Debug|iPhone
		{A1EE1EC0-F703-4B6F-B149-D5447B093B65}.Debug|x86.ActiveCfg = Debug|iPhone
		{A1EE1EC0-F703-4B6F-B149-D5447B093B65}.Debug|x86.Build.0 = Debug|iPhone
		{A1EE1EC0-F703-4B6F-B149-D5447B093B65}.Debug|x86.Deploy.0 = Debug|iPhone
		{A1EE1EC0-F703-4B6F-B149-D5447B093B65}.Release|Any CPU.ActiveCfg = Release|iPhone
		{A1EE1EC0-F703-4B6F-B149-D5447B093B65}.Release|Any CPU.Build.0 = Release|iPhone
		{A1EE1EC0-F703-4B6F-B149-D5447B093B65}.Release|Any CPU.Deploy.0 = Release|iPhone
		{A1EE1EC0-F703-4B6F-B149-D5447B093B65}.Release|ARM.ActiveCfg = Release|iPhone
		{A1EE1EC0-F703-4B6F-B149-D5447B093B65}.Release|ARM.Build.0 = Release|iPhone
		{A1EE1EC0-F703-4B6F-B149-D5447B093B65}.Release|ARM.Deploy.0 = Release|iPhone
		{A1EE1EC0-F703-4B6F-B149-D5447B093B65}.Release|iPhone.ActiveCfg = Release|iPhone
		{A1EE1EC0-F703-4B6F-B149-D5447B093B65}.Release|iPhone.Build.0 = Release|iPhone
		{A1EE1EC0-F703-4B6F-B149-D5447B093B65}.Release|iPhone.Deploy.0 = Release|iPhone
		{A1EE1EC0-F703-4B6F-B149-D5447B093B65}.Release|iPhoneSimulator.ActiveCfg = Release|iPhoneSimulator
		{A1EE1EC0-F703-4B6F-B149-D5447B093B65}.Release|iPhoneSimulator.Build.0 = Release|iPhoneSimulator
		{A1EE1EC0-F703-4B6F-B149-D5447B093B65}.Release|iPhoneSimulator.Deploy.0 = Release|iPhoneSimulator
		{A1EE1EC0-F703-4B6F-B149-D5447B093B65}.Release|x64.ActiveCfg = Release|iPhone
		{A1EE1EC0-F703-4B6F-B149-D5447B093B65}.Release|x64.Build.0 = Release|iPhone
		{A1EE1EC0-F703-4B6F-B149-D5447B093B65}.Release|x64.Deploy.0 = Release|iPhone
		{A1EE1EC0-F703-4B6F-B149-D5447B093B65}.Release|x86.ActiveCfg = Release|iPhone
		{A1EE1EC0-F703-4B6F-B149-D5447B093B65}.Release|x86.Build.0 = Release|iPhone
		{A1EE1EC0-F703-4B6F-B149-D5447B093B65}.Release|x86.Deploy.0 = Release|iPhone
		{188F8EE7-1100-4374-886E-0F6DB0526F24}.Ad-Hoc|Any CPU.ActiveCfg = Release|x86
		{188F8EE7-1100-4374-886E-0F6DB0526F24}.Ad-Hoc|Any CPU.Build.0 = Release|x86
		{188F8EE7-1100-4374-886E-0F6DB0526F24}.Ad-Hoc|Any CPU.Deploy.0 = Release|x86
		{188F8EE7-1100-4374-886E-0F6DB0526F24}.Ad-Hoc|ARM.ActiveCfg = Release|ARM
		{188F8EE7-1100-4374-886E-0F6DB0526F24}.Ad-Hoc|ARM.Build.0 = Release|ARM
		{188F8EE7-1100-4374-886E-0F6DB0526F24}.Ad-Hoc|ARM.Deploy.0 = Release|ARM
		{188F8EE7-1100-4374-886E-0F6DB0526F24}.Ad-Hoc|iPhone.ActiveCfg = Release|x86
		{188F8EE7-1100-4374-886E-0F6DB0526F24}.Ad-Hoc|iPhone.Build.0 = Release|x86
		{188F8EE7-1100-4374-886E-0F6DB0526F24}.Ad-Hoc|iPhone.Deploy.0 = Release|x86
		{188F8EE7-1100-4374-886E-0F6DB0526F24}.Ad-Hoc|iPhoneSimulator.ActiveCfg = Release|x86
		{188F8EE7-1100-4374-886E-0F6DB0526F24}.Ad-Hoc|iPhoneSimulator.Build.0 = Release|x86
		{188F8EE7-1100-4374-886E-0F6DB0526F24}.Ad-Hoc|iPhoneSimulator.Deploy.0 = Release|x86
		{188F8EE7-1100-4374-886E-0F6DB0526F24}.Ad-Hoc|x64.ActiveCfg = Release|x64
		{188F8EE7-1100-4374-886E-0F6DB0526F24}.Ad-Hoc|x64.Build.0 = Release|x64
		{188F8EE7-1100-4374-886E-0F6DB0526F24}.Ad-Hoc|x64.Deploy.0 = Release|x64
		{188F8EE7-1100-4374-886E-0F6DB0526F24}.Ad-Hoc|x86.ActiveCfg = Release|x86
		{188F8EE7-1100-4374-886E-0F6DB0526F24}.Ad-Hoc|x86.Build.0 = Release|x86
		{188F8EE7-1100-4374-886E-0F6DB0526F24}.Ad-Hoc|x86.Deploy.0 = Release|x86
		{188F8EE7-1100-4374-886E-0F6DB0526F24}.AppStore|Any CPU.ActiveCfg = Release|x86
		{188F8EE7-1100-4374-886E-0F6DB0526F24}.AppStore|Any CPU.Build.0 = Release|x86
		{188F8EE7-1100-4374-886E-0F6DB0526F24}.AppStore|Any CPU.Deploy.0 = Release|x86
		{188F8EE7-1100-4374-886E-0F6DB0526F24}.AppStore|ARM.ActiveCfg = Release|ARM
		{188F8EE7-1100-4374-886E-0F6DB0526F24}.AppStore|ARM.Build.0 = Release|ARM
		{188F8EE7-1100-4374-886E-0F6DB0526F24}.AppStore|ARM.Deploy.0 = Release|ARM
		{188F8EE7-1100-4374-886E-0F6DB0526F24}.AppStore|iPhone.ActiveCfg = Release|x86
		{188F8EE7-1100-4374-886E-0F6DB0526F24}.AppStore|iPhone.Build.0 = Release|x86
		{188F8EE7-1100-4374-886E-0F6DB0526F24}.AppStore|iPhone.Deploy.0 = Release|x86
		{188F8EE7-1100-4374-886E-0F6DB0526F24}.AppStore|iPhoneSimulator.ActiveCfg = Release|x86
		{188F8EE7-1100-4374-886E-0F6DB0526F24}.AppStore|iPhoneSimulator.Build.0 = Release|x86
		{188F8EE7-1100-4374-886E-0F6DB0526F24}.AppStore|iPhoneSimulator.Deploy.0 = Release|x86
		{188F8EE7-1100-4374-886E-0F6DB0526F24}.AppStore|x64.ActiveCfg = Release|x64
		{188F8EE7-1100-4374-886E-0F6DB0526F24}.AppStore|x64.Build.0 = Release|x64
		{188F8EE7-1100-4374-886E-0F6DB0526F24}.AppStore|x64.Deploy.0 = Release|x64
		{188F8EE7-1100-4374-886E-0F6DB0526F24}.AppStore|x86.ActiveCfg = Release|x86
		{188F8EE7-1100-4374-886E-0F6DB0526F24}.AppStore|x86.Build.0 = Release|x86
		{188F8EE7-1100-4374-886E-0F6DB0526F24}.AppStore|x86.Deploy.0 = Release|x86
		{188F8EE7-1100-4374-886E-0F6DB0526F24}.Debug|Any CPU.ActiveCfg = Debug|x86
		{188F8EE7-1100-4374-886E-0F6DB0526F24}.Debug|Any CPU.Build.0 = Debug|x86
		{188F8EE7-1100-4374-886E-0F6DB0526F24}.Debug|Any CPU.Deploy.0 = Debug|x86
		{188F8EE7-1100-4374-886E-0F6DB0526F24}.Debug|ARM.ActiveCfg = Debug|ARM
		{188F8EE7-1100-4374-886E-0F6DB0526F24}.Debug|ARM.Build.0 = Debug|ARM
		{188F8EE7-1100-4374-886E-0F6DB0526F24}.Debug|ARM.Deploy.0 = Debug|ARM
		{188F8EE7-1100-4374-886E-0F6DB0526F24}.Debug|iPhone.ActiveCfg = Debug|x86
		{188F8EE7-1100-4374-886E-0F6DB0526F24}.Debug|iPhone.Build.0 = Debug|x86
		{188F8EE7-1100-4374-886E-0F6DB0526F24}.Debug|iPhone.Deploy.0 = Debug|x86
		{188F8EE7-1100-4374-886E-0F6DB0526F24}.Debug|iPhoneSimulator.ActiveCfg = Debug|x86
		{188F8EE7-1100-4374-886E-0F6DB0526F24}.Debug|iPhoneSimulator.Build.0 = Debug|x86
		{188F8EE7-1100-4374-886E-0F6DB0526F24}.Debug|iPhoneSimulator.Deploy.0 = Debug|x86
		{188F8EE7-1100-4374-886E-0F6DB0526F24}.Debug|x64.ActiveCfg = Debug|x64
		{188F8EE7-1100-4374-886E-0F6DB0526F24}.Debug|x64.Build.0 = Debug|x64
		{188F8EE7-1100-4374-886E-0F6DB0526F24}.Debug|x64.Deploy.0 = Debug|x64
		{188F8EE7-1100-4374-886E-0F6DB0526F24}.Debug|x86.ActiveCfg = Debug|x86
		{188F8EE7-1100-4374-886E-0F6DB0526F24}.Debug|x86.Build.0 = Debug|x86
		{188F8EE7-1100-4374-886E-0F6DB0526F24}.Debug|x86.Deploy.0 = Debug|x86
		{188F8EE7-1100-4374-886E-0F6DB0526F24}.Release|Any CPU.ActiveCfg = Release|x86
		{188F8EE7-1100-4374-886E-0F6DB0526F24}.Release|Any CPU.Build.0 = Release|x86
		{188F8EE7-1100-4374-886E-0F6DB0526F24}.Release|Any CPU.Deploy.0 = Release|x86
		{188F8EE7-1100-4374-886E-0F6DB0526F24}.Release|ARM.ActiveCfg = Release|ARM
		{188F8EE7-1100-4374-886E-0F6DB0526F24}.Release|ARM.Build.0 = Release|ARM
		{188F8EE7-1100-4374-886E-0F6DB0526F24}.Release|ARM.Deploy.0 = Release|ARM
		{188F8EE7-1100-4374-886E-0F6DB0526F24}.Release|iPhone.ActiveCfg = Release|x86
		{188F8EE7-1100-4374-886E-0F6DB0526F24}.Release|iPhone.Build.0 = Release|x86
		{188F8EE7-1100-4374-886E-0F6DB0526F24}.Release|iPhone.Deploy.0 = Release|x86
		{188F8EE7-1100-4374-886E-0F6DB0526F24}.Release|iPhoneSimulator.ActiveCfg = Release|x86
		{188F8EE7-1100-4374-886E-0F6DB0526F24}.Release|iPhoneSimulator.Build.0 = Release|x86
		{188F8EE7-1100-4374-886E-0F6DB0526F24}.Release|iPhoneSimulator.Deploy.0 = Release|x86
		{188F8EE7-1100-4374-886E-0F6DB0526F24}.Release|x64.ActiveCfg = Release|x64
		{188F8EE7-1100-4374-886E-0F6DB0526F24}.Release|x64.Build.0 = Release|x64
		{188F8EE7-1100-4374-886E-0F6DB0526F24}.Release|x64.Deploy.0 = Release|x64
		{188F8EE7-1100-4374-886E-0F6DB0526F24}.Release|x86.ActiveCfg = Release|x86
		{188F8EE7-1100-4374-886E-0F6DB0526F24}.Release|x86.Build.0 = Release|x86
		{188F8EE7-1100-4374-886E-0F6DB0526F24}.Release|x86.Deploy.0 = Release|x86
		{32E6D344-FCB1-440C-A822-D787A83A41B7}.Ad-Hoc|Any CPU.ActiveCfg = Debug|Any CPU
		{32E6D344-FCB1-440C-A822-D787A83A41B7}.Ad-Hoc|Any CPU.Build.0 = Debug|Any CPU
		{32E6D344-FCB1-440C-A822-D787A83A41B7}.Ad-Hoc|Any CPU.Deploy.0 = Debug|Any CPU
		{32E6D344-FCB1-440C-A822-D787A83A41B7}.Ad-Hoc|ARM.ActiveCfg = Debug|Any CPU
		{32E6D344-FCB1-440C-A822-D787A83A41B7}.Ad-Hoc|ARM.Build.0 = Debug|Any CPU
		{32E6D344-FCB1-440C-A822-D787A83A41B7}.Ad-Hoc|ARM.Deploy.0 = Debug|Any CPU
		{32E6D344-FCB1-440C-A822-D787A83A41B7}.Ad-Hoc|iPhone.ActiveCfg = Debug|Any CPU
		{32E6D344-FCB1-440C-A822-D787A83A41B7}.Ad-Hoc|iPhone.Build.0 = Debug|Any CPU
		{32E6D344-FCB1-440C-A822-D787A83A41B7}.Ad-Hoc|iPhone.Deploy.0 = Debug|Any CPU
		{32E6D344-FCB1-440C-A822-D787A83A41B7}.Ad-Hoc|iPhoneSimulator.ActiveCfg = Debug|Any CPU
		{32E6D344-FCB1-440C-A822-D787A83A41B7}.Ad-Hoc|iPhoneSimulator.Build.0 = Debug|Any CPU
		{32E6D344-FCB1-440C-A822-D787A83A41B7}.Ad-Hoc|iPhoneSimulator.Deploy.0 = Debug|Any CPU
		{32E6D344-FCB1-440C-A822-D787A83A41B7}.Ad-Hoc|x64.ActiveCfg = Debug|Any CPU
		{32E6D344-FCB1-440C-A822-D787A83A41B7}.Ad-Hoc|x64.Build.0 = Debug|Any CPU
		{32E6D344-FCB1-440C-A822-D787A83A41B7}.Ad-Hoc|x64.Deploy.0 = Debug|Any CPU
		{32E6D344-FCB1-440C-A822-D787A83A41B7}.Ad-Hoc|x86.ActiveCfg = Debug|Any CPU
		{32E6D344-FCB1-440C-A822-D787A83A41B7}.Ad-Hoc|x86.Build.0 = Debug|Any CPU
		{32E6D344-FCB1-440C-A822-D787A83A41B7}.Ad-Hoc|x86.Deploy.0 = Debug|Any CPU
		{32E6D344-FCB1-440C-A822-D787A83A41B7}.AppStore|Any CPU.ActiveCfg = Debug|Any CPU
		{32E6D344-FCB1-440C-A822-D787A83A41B7}.AppStore|Any CPU.Build.0 = Debug|Any CPU
		{32E6D344-FCB1-440C-A822-D787A83A41B7}.AppStore|Any CPU.Deploy.0 = Debug|Any CPU
		{32E6D344-FCB1-440C-A822-D787A83A41B7}.AppStore|ARM.ActiveCfg = Debug|Any CPU
		{32E6D344-FCB1-440C-A822-D787A83A41B7}.AppStore|ARM.Build.0 = Debug|Any CPU
		{32E6D344-FCB1-440C-A822-D787A83A41B7}.AppStore|ARM.Deploy.0 = Debug|Any CPU
		{32E6D344-FCB1-440C-A822-D787A83A41B7}.AppStore|iPhone.ActiveCfg = Debug|Any CPU
		{32E6D344-FCB1-440C-A822-D787A83A41B7}.AppStore|iPhone.Build.0 = Debug|Any CPU
		{32E6D344-FCB1-440C-A822-D787A83A41B7}.AppStore|iPhone.Deploy.0 = Debug|Any CPU
		{32E6D344-FCB1-440C-A822-D787A83A41B7}.AppStore|iPhoneSimulator.ActiveCfg = Debug|Any CPU
		{32E6D344-FCB1-440C-A822-D787A83A41B7}.AppStore|iPhoneSimulator.Build.0 = Debug|Any CPU
		{32E6D344-FCB1-440C-A822-D787A83A41B7}.AppStore|iPhoneSimulator.Deploy.0 = Debug|Any CPU
		{32E6D344-FCB1-440C-A822-D787A83A41B7}.AppStore|x64.ActiveCfg = Debug|Any CPU
		{32E6D344-FCB1-440C-A822-D787A83A41B7}.AppStore|x64.Build.0 = Debug|Any CPU
		{32E6D344-FCB1-440C-A822-D787A83A41B7}.AppStore|x64.Deploy.0 = Debug|Any CPU
		{32E6D344-FCB1-440C-A822-D787A83A41B7}.AppStore|x86.ActiveCfg = Debug|Any CPU
		{32E6D344-FCB1-440C-A822-D787A83A41B7}.AppStore|x86.Build.0 = Debug|Any CPU
		{32E6D344-FCB1-440C-A822-D787A83A41B7}.AppStore|x86.Deploy.0 = Debug|Any CPU
		{32E6D344-FCB1-440C-A822-D787A83A41B7}.Debug|Any CPU.ActiveCfg = Debug|Any CPU
		{32E6D344-FCB1-440C-A822-D787A83A41B7}.Debug|Any CPU.Build.0 = Debug|Any CPU
		{32E6D344-FCB1-440C-A822-D787A83A41B7}.Debug|Any CPU.Deploy.0 = Debug|Any CPU
		{32E6D344-FCB1-440C-A822-D787A83A41B7}.Debug|ARM.ActiveCfg = Debug|Any CPU
		{32E6D344-FCB1-440C-A822-D787A83A41B7}.Debug|ARM.Build.0 = Debug|Any CPU
		{32E6D344-FCB1-440C-A822-D787A83A41B7}.Debug|ARM.Deploy.0 = Debug|Any CPU
		{32E6D344-FCB1-440C-A822-D787A83A41B7}.Debug|iPhone.ActiveCfg = Debug|Any CPU
		{32E6D344-FCB1-440C-A822-D787A83A41B7}.Debug|iPhone.Build.0 = Debug|Any CPU
		{32E6D344-FCB1-440C-A822-D787A83A41B7}.Debug|iPhone.Deploy.0 = Debug|Any CPU
		{32E6D344-FCB1-440C-A822-D787A83A41B7}.Debug|iPhoneSimulator.ActiveCfg = Debug|Any CPU
		{32E6D344-FCB1-440C-A822-D787A83A41B7}.Debug|iPhoneSimulator.Build.0 = Debug|Any CPU
		{32E6D344-FCB1-440C-A822-D787A83A41B7}.Debug|iPhoneSimulator.Deploy.0 = Debug|Any CPU
		{32E6D344-FCB1-440C-A822-D787A83A41B7}.Debug|x64.ActiveCfg = Debug|Any CPU
		{32E6D344-FCB1-440C-A822-D787A83A41B7}.Debug|x64.Build.0 = Debug|Any CPU
		{32E6D344-FCB1-440C-A822-D787A83A41B7}.Debug|x64.Deploy.0 = Debug|Any CPU
		{32E6D344-FCB1-440C-A822-D787A83A41B7}.Debug|x86.ActiveCfg = Debug|Any CPU
		{32E6D344-FCB1-440C-A822-D787A83A41B7}.Debug|x86.Build.0 = Debug|Any CPU
		{32E6D344-FCB1-440C-A822-D787A83A41B7}.Debug|x86.Deploy.0 = Debug|Any CPU
		{32E6D344-FCB1-440C-A822-D787A83A41B7}.Release|Any CPU.ActiveCfg = Release|Any CPU
		{32E6D344-FCB1-440C-A822-D787A83A41B7}.Release|Any CPU.Build.0 = Release|Any CPU
		{32E6D344-FCB1-440C-A822-D787A83A41B7}.Release|Any CPU.Deploy.0 = Release|Any CPU
		{32E6D344-FCB1-440C-A822-D787A83A41B7}.Release|ARM.ActiveCfg = Release|Any CPU
		{32E6D344-FCB1-440C-A822-D787A83A41B7}.Release|ARM.Build.0 = Release|Any CPU
		{32E6D344-FCB1-440C-A822-D787A83A41B7}.Release|ARM.Deploy.0 = Release|Any CPU
		{32E6D344-FCB1-440C-A822-D787A83A41B7}.Release|iPhone.ActiveCfg = Release|Any CPU
		{32E6D344-FCB1-440C-A822-D787A83A41B7}.Release|iPhone.Build.0 = Release|Any CPU
		{32E6D344-FCB1-440C-A822-D787A83A41B7}.Release|iPhone.Deploy.0 = Release|Any CPU
		{32E6D344-FCB1-440C-A822-D787A83A41B7}.Release|iPhoneSimulator.ActiveCfg = Release|Any CPU
		{32E6D344-FCB1-440C-A822-D787A83A41B7}.Release|iPhoneSimulator.Build.0 = Release|Any CPU
		{32E6D344-FCB1-440C-A822-D787A83A41B7}.Release|iPhoneSimulator.Deploy.0 = Release|Any CPU
		{32E6D344-FCB1-440C-A822-D787A83A41B7}.Release|x64.ActiveCfg = Release|Any CPU
		{32E6D344-FCB1-440C-A822-D787A83A41B7}.Release|x64.Build.0 = Release|Any CPU
		{32E6D344-FCB1-440C-A822-D787A83A41B7}.Release|x64.Deploy.0 = Release|Any CPU
		{32E6D344-FCB1-440C-A822-D787A83A41B7}.Release|x86.ActiveCfg = Release|Any CPU
		{32E6D344-FCB1-440C-A822-D787A83A41B7}.Release|x86.Build.0 = Release|Any CPU
		{32E6D344-FCB1-440C-A822-D787A83A41B7}.Release|x86.Deploy.0 = Release|Any CPU
	EndGlobalSection
	GlobalSection(SolutionProperties) = preSolution
		HideSolutionNode = FALSE
	EndGlobalSection
	GlobalSection(ExtensibilityGlobals) = postSolution
		SolutionGuid = {BA4AF702-8550-4125-A54A-6F3EACD6E91E}
	EndGlobalSection
EndGlobal
